{
  "name": "RookeryUS",
  "lockfileVersion": 2,
  "requires": true,
  "packages": {
    "": {
      "name": "RookeryUS",
      "dependencies": {
        "mobile-drag-drop": "^3.0.0-rc.0"
      }
    },
    "node_modules/mobile-drag-drop": {
      "version": "3.0.0-rc.0",
      "resolved": "https://registry.npmjs.org/mobile-drag-drop/-/mobile-drag-drop-3.0.0-rc.0.tgz",
      "integrity": "sha512-f8wIDTbBYLBW/+5sei1cqUE+StyDpf/LP+FRZELlVX6tmOOmELk84r3wh1z3woxCB9G5octhF06K5COvFjGgqg=="
    }
  },
  "dependencies": {
    "mobile-drag-drop": {
      "version": "3.0.0-rc.0",
      "resolved": "https://registry.npmjs.org/mobile-drag-drop/-/mobile-drag-drop-3.0.0-rc.0.tgz",
      "integrity": "sha512-f8wIDTbBYLBW/+5sei1cqUE+StyDpf/LP+FRZELlVX6tmOOmELk84r3wh1z3woxCB9G5octhF06K5COvFjGgqg=="
    }
  }
}
